
Microsoft Visual Studio Solution File, Format Version 12.00
# Visual Studio 15
VisualStudioVersion = 15.0.27703.2026
MinimumVisualStudioVersion = 10.0.40219.1
Project("{9A19103F-16F7-4668-BE54-9A1E7A4F7556}") = "XLIFF2-Object-Model.NetStandard", "XLIFF2-Object-Model.NetStandard\XLIFF2-Object-Model.NetStandard.csproj", "{CFF22F97-44A8-4BBA-8CBF-255C04981965}"
EndProject
Project("{9A19103F-16F7-4668-BE54-9A1E7A4F7556}") = "Xliff.OM.Tests.NetCore", "Xliff.OM.Tests.NetCore\Xliff.OM.Tests.NetCore.csproj", "{B4076A07-44E8-4F1E-8088-7655D3B84186}"
EndProject
Project("{FAE04EC0-301F-11D3-BF4B-00C04F79EFBC}") = "Xliff.OM.Tests", "Xliff.OM.Tests\Xliff.OM.Tests.csproj", "{381519C4-F501-4A4A-8A47-6AB3420F773D}"
EndProject
Project("{FAE04EC0-301F-11D3-BF4B-00C04F79EFBC}") = "Xliff.OM", "Xliff.OM\Xliff.OM.csproj", "{F72462DB-976C-4E91-A82F-960B5D89AE1C}"
EndProject
Project("{FAE04EC0-301F-11D3-BF4B-00C04F79EFBC}") = "Xliff.Samples", "Xliff.Samples\Xliff.Samples.csproj", "{4B16D84A-5A6A-4EDF-8EB7-5DAB318879FC}"
EndProject
Global
	GlobalSection(SolutionConfigurationPlatforms) = preSolution
		Debug|Any CPU = Debug|Any CPU
		Release|Any CPU = Release|Any CPU
	EndGlobalSection
	GlobalSection(ProjectConfigurationPlatforms) = postSolution
		{CFF22F97-44A8-4BBA-8CBF-255C04981965}.Debug|Any CPU.ActiveCfg = Debug|Any CPU
		{CFF22F97-44A8-4BBA-8CBF-255C04981965}.Debug|Any CPU.Build.0 = Debug|Any CPU
		{CFF22F97-44A8-4BBA-8CBF-255C04981965}.Release|Any CPU.ActiveCfg = Release|Any CPU
		{CFF22F97-44A8-4BBA-8CBF-255C04981965}.Release|Any CPU.Build.0 = Release|Any CPU
		{B4076A07-44E8-4F1E-8088-7655D3B84186}.Debug|Any CPU.ActiveCfg = Debug|Any CPU
		{B4076A07-44E8-4F1E-8088-7655D3B84186}.Debug|Any CPU.Build.0 = Debug|Any CPU
		{B4076A07-44E8-4F1E-8088-7655D3B84186}.Release|Any CPU.ActiveCfg = Release|Any CPU
		{B4076A07-44E8-4F1E-8088-7655D3B84186}.Release|Any CPU.Build.0 = Release|Any CPU
		{381519C4-F501-4A4A-8A47-6AB3420F773D}.Debug|Any CPU.ActiveCfg = Debug|Any CPU
		{381519C4-F501-4A4A-8A47-6AB3420F773D}.Debug|Any CPU.Build.0 = Debug|Any CPU
		{381519C4-F501-4A4A-8A47-6AB3420F773D}.Release|Any CPU.ActiveCfg = Release|Any CPU
		{381519C4-F501-4A4A-8A47-6AB3420F773D}.Release|Any CPU.Build.0 = Release|Any CPU
		{F72462DB-976C-4E91-A82F-960B5D89AE1C}.Debug|Any CPU.ActiveCfg = Debug|Any CPU
		{F72462DB-976C-4E91-A82F-960B5D89AE1C}.Debug|Any CPU.Build.0 = Debug|Any CPU
		{F72462DB-976C-4E91-A82F-960B5D89AE1C}.Release|Any CPU.ActiveCfg = Release|Any CPU
		{F72462DB-976C-4E91-A82F-960B5D89AE1C}.Release|Any CPU.Build.0 = Release|Any CPU
		{4B16D84A-5A6A-4EDF-8EB7-5DAB318879FC}.Debug|Any CPU.ActiveCfg = Debug|Any CPU
		{4B16D84A-5A6A-4EDF-8EB7-5DAB318879FC}.Debug|Any CPU.Build.0 = Debug|Any CPU
		{4B16D84A-5A6A-4EDF-8EB7-5DAB318879FC}.Release|Any CPU.ActiveCfg = Release|Any CPU
		{4B16D84A-5A6A-4EDF-8EB7-5DAB318879FC}.Release|Any CPU.Build.0 = Release|Any CPU
	EndGlobalSection
	GlobalSection(SolutionProperties) = preSolution
		HideSolutionNode = FALSE
	EndGlobalSection
	GlobalSection(ExtensibilityGlobals) = postSolution
		SolutionGuid = {781177C0-7A16-44F3-BFDA-B3204D0329F1}
	EndGlobalSection
EndGlobal
