
Microsoft Visual Studio Solution File, Format Version 12.00
# Visual Studio 15
VisualStudioVersion = 15.0.27703.2026
MinimumVisualStudioVersion = 10.0.40219.1
Project("{9A19103F-16F7-4668-BE54-9A1E7A4F7556}") = "XLIFF2-Object-Model.NetStandard", "XLIFF2-Object-Model.NetStandard\XLIFF2-Object-Model.NetStandard.csproj", "{CFF22F97-44A8-4BBA-8CBF-255C04981965}"
EndProject
Project("{9A19103F-16F7-4668-BE54-9A1E7A4F7556}") = "Xliff.OM.Tests.NetCore", "Xliff.OM.Tests.NetCore\Xliff.OM.Tests.NetCore.csproj", "{B4076A07-44E8-4F1E-8088-7655D3B84186}"
EndProject
Global
	GlobalSection(SolutionConfigurationPlatforms) = preSolution
		Debug|Any CPU = Debug|Any CPU
		Release|Any CPU = Release|Any CPU
	EndGlobalSection
	GlobalSection(ProjectConfigurationPlatforms) = postSolution
		{CFF22F97-44A8-4BBA-8CBF-255C04981965}.Debug|Any CPU.ActiveCfg = Debug|Any CPU
		{CFF22F97-44A8-4BBA-8CBF-255C04981965}.Debug|Any CPU.Build.0 = Debug|Any CPU
		{CFF22F97-44A8-4BBA-8CBF-255C04981965}.Release|Any CPU.ActiveCfg = Release|Any CPU
		{CFF22F97-44A8-4BBA-8CBF-255C04981965}.Release|Any CPU.Build.0 = Release|Any CPU
		{B4076A07-44E8-4F1E-8088-7655D3B84186}.Debug|Any CPU.ActiveCfg = Debug|Any CPU
		{B4076A07-44E8-4F1E-8088-7655D3B84186}.Debug|Any CPU.Build.0 = Debug|Any CPU
		{B4076A07-44E8-4F1E-8088-7655D3B84186}.Release|Any CPU.ActiveCfg = Release|Any CPU
		{B4076A07-44E8-4F1E-8088-7655D3B84186}.Release|Any CPU.Build.0 = Release|Any CPU
	EndGlobalSection
	GlobalSection(SolutionProperties) = preSolution
		HideSolutionNode = FALSE
	EndGlobalSection
	GlobalSection(ExtensibilityGlobals) = postSolution
		SolutionGuid = {781177C0-7A16-44F3-BFDA-B3204D0329F1}
	EndGlobalSection
EndGlobal
